
Microsoft Visual Studio Solution File, Format Version 12.00
# Visual Studio Version 16
VisualStudioVersion = 16.0.29728.190
MinimumVisualStudioVersion = 10.0.40219.1
Project("{FAE04EC0-301F-11D3-BF4B-00C04F79EFBC}") = "MAS_MP01", "MAS_MP01\MAS_MP01.csproj", "{BF8E621C-7B6E-4425-B4C7-91F47139F85B}"
EndProject
Global
	GlobalSection(SolutionConfigurationPlatforms) = preSolution
		Debug|Any CPU = Debug|Any CPU
		Release|Any CPU = Release|Any CPU
	EndGlobalSection
	GlobalSection(ProjectConfigurationPlatforms) = postSolution
		{BF8E621C-7B6E-4425-B4C7-91F47139F85B}.Debug|Any CPU.ActiveCfg = Debug|Any CPU
		{BF8E621C-7B6E-4425-B4C7-91F47139F85B}.Debug|Any CPU.Build.0 = Debug|Any CPU
		{BF8E621C-7B6E-4425-B4C7-91F47139F85B}.Release|Any CPU.ActiveCfg = Release|Any CPU
		{BF8E621C-7B6E-4425-B4C7-91F47139F85B}.Release|Any CPU.Build.0 = Release|Any CPU
	EndGlobalSection
	GlobalSection(SolutionProperties) = preSolution
		HideSolutionNode = FALSE
	EndGlobalSection
	GlobalSection(ExtensibilityGlobals) = postSolution
		SolutionGuid = {D097A137-18E9-4FD0-9482-EB33B3ABB647}
	EndGlobalSection
EndGlobal
